
Microsoft Visual Studio Solution File, Format Version 12.00
# Visual Studio Version 16
VisualStudioVersion = 16.0.31321.278
MinimumVisualStudioVersion = 10.0.40219.1
Project("{9A19103F-16F7-4668-BE54-9A1E7A4F7556}") = "lab-01", "lab-01\lab-01.csproj", "{E4C4B806-F6A1-4513-B193-BD9060DC6FD3}"
EndProject
Global
	GlobalSection(SolutionConfigurationPlatforms) = preSolution
		Debug|Any CPU = Debug|Any CPU
		Release|Any CPU = Release|Any CPU
	EndGlobalSection
	GlobalSection(ProjectConfigurationPlatforms) = postSolution
		{E4C4B806-F6A1-4513-B193-BD9060DC6FD3}.Debug|Any CPU.ActiveCfg = Debug|Any CPU
		{E4C4B806-F6A1-4513-B193-BD9060DC6FD3}.Debug|Any CPU.Build.0 = Debug|Any CPU
		{E4C4B806-F6A1-4513-B193-BD9060DC6FD3}.Release|Any CPU.ActiveCfg = Release|Any CPU
		{E4C4B806-F6A1-4513-B193-BD9060DC6FD3}.Release|Any CPU.Build.0 = Release|Any CPU
	EndGlobalSection
	GlobalSection(SolutionProperties) = preSolution
		HideSolutionNode = FALSE
	EndGlobalSection
	GlobalSection(ExtensibilityGlobals) = postSolution
		SolutionGuid = {7F854186-C263-4E2C-B96F-5B0DF0CDB9B0}
	EndGlobalSection
EndGlobal
